
Microsoft Visual Studio Solution File, Format Version 12.00
# Visual Studio Version 17
VisualStudioVersion = 17.5.33414.496
MinimumVisualStudioVersion = 10.0.40219.1
Project("{9A19103F-16F7-4668-BE54-9A1E7A4F7556}") = "Lesson1_枚举", "Lesson1_枚举\Lesson1_枚举.csproj", "{040D881F-17EC-4DD4-A771-C2F789845D3F}"
EndProject
Project("{9A19103F-16F7-4668-BE54-9A1E7A4F7556}") = "Lesson2_一维数组", "Lesson2_一维数组\Lesson2_一维数组.csproj", "{A9BADE56-1575-4EB9-960C-1666516B05D4}"
EndProject
Project("{9A19103F-16F7-4668-BE54-9A1E7A4F7556}") = "Lesson3_二维数组", "Lesson3_二维数组\Lesson3_二维数组.csproj", "{E98C2480-E35B-42E8-A34C-CFD524257241}"
EndProject
Project("{9A19103F-16F7-4668-BE54-9A1E7A4F7556}") = "Lesson4_交错数组", "Lesson4_交错数组\Lesson4_交错数组.csproj", "{2A8A410D-B7D0-4F91-880F-804BE1AB2C6D}"
EndProject
Project("{9A19103F-16F7-4668-BE54-9A1E7A4F7556}") = "Lesson5_值类型和引用类型", "Lesson5_值类型和引用类型\Lesson5_值类型和引用类型.csproj", "{8D1A5D51-8EE9-46F1-8541-76471D033A51}"
EndProject
Project("{9A19103F-16F7-4668-BE54-9A1E7A4F7556}") = "Lesson6_特殊引用类型string", "Lesson6_特殊引用类型string\Lesson6_特殊引用类型string.csproj", "{55937080-BE47-4C56-AB13-22C124C71003}"
EndProject
Project("{9A19103F-16F7-4668-BE54-9A1E7A4F7556}") = "Lesson7_函数", "Lesson7_函数\Lesson7_函数.csproj", "{8BF91894-A65F-49E3-922B-DF1D49011BBE}"
EndProject
Project("{9A19103F-16F7-4668-BE54-9A1E7A4F7556}") = "Lesson7_函数练习题", "Lesson7_函数练习题\Lesson7_函数练习题.csproj", "{1CE9A6A7-AE7F-45CA-8BD3-AB6DE1B7461B}"
EndProject
Project("{9A19103F-16F7-4668-BE54-9A1E7A4F7556}") = "Lesson8_ref和out", "Lesson8_ref和out\Lesson8_ref和out.csproj", "{A11E1534-DAAD-4A70-9114-FD81AA94D4BC}"
EndProject
Project("{9A19103F-16F7-4668-BE54-9A1E7A4F7556}") = "Lesson9_变长参数和参数默认值", "Lesson9_变长参数和参数默认值\Lesson9_变长参数和参数默认值.csproj", "{A2FAD3AA-BBC2-43E5-96D0-8F13BDE68C20}"
EndProject
Project("{9A19103F-16F7-4668-BE54-9A1E7A4F7556}") = "Lesson10_函数重载", "Lesson10_函数重载\Lesson10_函数重载.csproj", "{CA48FBEB-6C02-4434-92B1-346CED969E8A}"
EndProject
Project("{9A19103F-16F7-4668-BE54-9A1E7A4F7556}") = "Lesson11_递归函数", "Lesson11_递归函数\Lesson11_递归函数.csproj", "{CE030EB8-9C32-446C-BA5B-C2E9ADA16BDA}"
EndProject
Project("{9A19103F-16F7-4668-BE54-9A1E7A4F7556}") = "测试专用", "测试专用\测试专用.csproj", "{1EE490D7-1C55-4419-AD1C-EDA4D76E98A1}"
EndProject
Project("{9A19103F-16F7-4668-BE54-9A1E7A4F7556}") = "Lesson12_结构体", "Lesson12_结构体\Lesson12_结构体.csproj", "{3F8614BD-AC23-4185-ABC1-5C94D3324484}"
EndProject
Project("{9A19103F-16F7-4668-BE54-9A1E7A4F7556}") = "Lesson12_结构体练习", "Lesson12_结构体练习\Lesson12_结构体练习.csproj", "{F730EFFA-95DF-4BD5-B4BE-FEAE0654D524}"
EndProject
Project("{9A19103F-16F7-4668-BE54-9A1E7A4F7556}") = "Lesson13_冒泡排序", "Lesson13_冒泡排序\Lesson13_冒泡排序.csproj", "{ACB91B5B-D6A1-4345-9FB1-7A01250DA7BC}"
EndProject
Project("{9A19103F-16F7-4668-BE54-9A1E7A4F7556}") = "Lesson14_选择排序", "Lesson14_选择排序\Lesson14_选择排序.csproj", "{804AE39E-0387-448B-A9AF-6264D0437A3E}"
EndProject
Project("{FAE04EC0-301F-11D3-BF4B-00C04F79EFBC}") = "基础实践项目", "基础实践项目\基础实践项目.csproj", "{6AC5AA53-7D25-4114-AFA8-8C869258F7F8}"
EndProject
Global
	GlobalSection(SolutionConfigurationPlatforms) = preSolution
		Debug|Any CPU = Debug|Any CPU
		Release|Any CPU = Release|Any CPU
	EndGlobalSection
	GlobalSection(ProjectConfigurationPlatforms) = postSolution
		{040D881F-17EC-4DD4-A771-C2F789845D3F}.Debug|Any CPU.ActiveCfg = Debug|Any CPU
		{040D881F-17EC-4DD4-A771-C2F789845D3F}.Debug|Any CPU.Build.0 = Debug|Any CPU
		{040D881F-17EC-4DD4-A771-C2F789845D3F}.Release|Any CPU.ActiveCfg = Release|Any CPU
		{040D881F-17EC-4DD4-A771-C2F789845D3F}.Release|Any CPU.Build.0 = Release|Any CPU
		{A9BADE56-1575-4EB9-960C-1666516B05D4}.Debug|Any CPU.ActiveCfg = Debug|Any CPU
		{A9BADE56-1575-4EB9-960C-1666516B05D4}.Debug|Any CPU.Build.0 = Debug|Any CPU
		{A9BADE56-1575-4EB9-960C-1666516B05D4}.Release|Any CPU.ActiveCfg = Release|Any CPU
		{A9BADE56-1575-4EB9-960C-1666516B05D4}.Release|Any CPU.Build.0 = Release|Any CPU
		{E98C2480-E35B-42E8-A34C-CFD524257241}.Debug|Any CPU.ActiveCfg = Debug|Any CPU
		{E98C2480-E35B-42E8-A34C-CFD524257241}.Debug|Any CPU.Build.0 = Debug|Any CPU
		{E98C2480-E35B-42E8-A34C-CFD524257241}.Release|Any CPU.ActiveCfg = Release|Any CPU
		{E98C2480-E35B-42E8-A34C-CFD524257241}.Release|Any CPU.Build.0 = Release|Any CPU
		{2A8A410D-B7D0-4F91-880F-804BE1AB2C6D}.Debug|Any CPU.ActiveCfg = Debug|Any CPU
		{2A8A410D-B7D0-4F91-880F-804BE1AB2C6D}.Debug|Any CPU.Build.0 = Debug|Any CPU
		{2A8A410D-B7D0-4F91-880F-804BE1AB2C6D}.Release|Any CPU.ActiveCfg = Release|Any CPU
		{2A8A410D-B7D0-4F91-880F-804BE1AB2C6D}.Release|Any CPU.Build.0 = Release|Any CPU
		{8D1A5D51-8EE9-46F1-8541-76471D033A51}.Debug|Any CPU.ActiveCfg = Debug|Any CPU
		{8D1A5D51-8EE9-46F1-8541-76471D033A51}.Debug|Any CPU.Build.0 = Debug|Any CPU
		{8D1A5D51-8EE9-46F1-8541-76471D033A51}.Release|Any CPU.ActiveCfg = Release|Any CPU
		{8D1A5D51-8EE9-46F1-8541-76471D033A51}.Release|Any CPU.Build.0 = Release|Any CPU
		{55937080-BE47-4C56-AB13-22C124C71003}.Debug|Any CPU.ActiveCfg = Debug|Any CPU
		{55937080-BE47-4C56-AB13-22C124C71003}.Debug|Any CPU.Build.0 = Debug|Any CPU
		{55937080-BE47-4C56-AB13-22C124C71003}.Release|Any CPU.ActiveCfg = Release|Any CPU
		{55937080-BE47-4C56-AB13-22C124C71003}.Release|Any CPU.Build.0 = Release|Any CPU
		{8BF91894-A65F-49E3-922B-DF1D49011BBE}.Debug|Any CPU.ActiveCfg = Debug|Any CPU
		{8BF91894-A65F-49E3-922B-DF1D49011BBE}.Debug|Any CPU.Build.0 = Debug|Any CPU
		{8BF91894-A65F-49E3-922B-DF1D49011BBE}.Release|Any CPU.ActiveCfg = Release|Any CPU
		{8BF91894-A65F-49E3-922B-DF1D49011BBE}.Release|Any CPU.Build.0 = Release|Any CPU
		{1CE9A6A7-AE7F-45CA-8BD3-AB6DE1B7461B}.Debug|Any CPU.ActiveCfg = Debug|Any CPU
		{1CE9A6A7-AE7F-45CA-8BD3-AB6DE1B7461B}.Debug|Any CPU.Build.0 = Debug|Any CPU
		{1CE9A6A7-AE7F-45CA-8BD3-AB6DE1B7461B}.Release|Any CPU.ActiveCfg = Release|Any CPU
		{1CE9A6A7-AE7F-45CA-8BD3-AB6DE1B7461B}.Release|Any CPU.Build.0 = Release|Any CPU
		{A11E1534-DAAD-4A70-9114-FD81AA94D4BC}.Debug|Any CPU.ActiveCfg = Debug|Any CPU
		{A11E1534-DAAD-4A70-9114-FD81AA94D4BC}.Debug|Any CPU.Build.0 = Debug|Any CPU
		{A11E1534-DAAD-4A70-9114-FD81AA94D4BC}.Release|Any CPU.ActiveCfg = Release|Any CPU
		{A11E1534-DAAD-4A70-9114-FD81AA94D4BC}.Release|Any CPU.Build.0 = Release|Any CPU
		{A2FAD3AA-BBC2-43E5-96D0-8F13BDE68C20}.Debug|Any CPU.ActiveCfg = Debug|Any CPU
		{A2FAD3AA-BBC2-43E5-96D0-8F13BDE68C20}.Debug|Any CPU.Build.0 = Debug|Any CPU
		{A2FAD3AA-BBC2-43E5-96D0-8F13BDE68C20}.Release|Any CPU.ActiveCfg = Release|Any CPU
		{A2FAD3AA-BBC2-43E5-96D0-8F13BDE68C20}.Release|Any CPU.Build.0 = Release|Any CPU
		{CA48FBEB-6C02-4434-92B1-346CED969E8A}.Debug|Any CPU.ActiveCfg = Debug|Any CPU
		{CA48FBEB-6C02-4434-92B1-346CED969E8A}.Debug|Any CPU.Build.0 = Debug|Any CPU
		{CA48FBEB-6C02-4434-92B1-346CED969E8A}.Release|Any CPU.ActiveCfg = Release|Any CPU
		{CA48FBEB-6C02-4434-92B1-346CED969E8A}.Release|Any CPU.Build.0 = Release|Any CPU
		{CE030EB8-9C32-446C-BA5B-C2E9ADA16BDA}.Debug|Any CPU.ActiveCfg = Debug|Any CPU
		{CE030EB8-9C32-446C-BA5B-C2E9ADA16BDA}.Debug|Any CPU.Build.0 = Debug|Any CPU
		{CE030EB8-9C32-446C-BA5B-C2E9ADA16BDA}.Release|Any CPU.ActiveCfg = Release|Any CPU
		{CE030EB8-9C32-446C-BA5B-C2E9ADA16BDA}.Release|Any CPU.Build.0 = Release|Any CPU
		{1EE490D7-1C55-4419-AD1C-EDA4D76E98A1}.Debug|Any CPU.ActiveCfg = Debug|Any CPU
		{1EE490D7-1C55-4419-AD1C-EDA4D76E98A1}.Debug|Any CPU.Build.0 = Debug|Any CPU
		{1EE490D7-1C55-4419-AD1C-EDA4D76E98A1}.Release|Any CPU.ActiveCfg = Release|Any CPU
		{1EE490D7-1C55-4419-AD1C-EDA4D76E98A1}.Release|Any CPU.Build.0 = Release|Any CPU
		{3F8614BD-AC23-4185-ABC1-5C94D3324484}.Debug|Any CPU.ActiveCfg = Debug|Any CPU
		{3F8614BD-AC23-4185-ABC1-5C94D3324484}.Debug|Any CPU.Build.0 = Debug|Any CPU
		{3F8614BD-AC23-4185-ABC1-5C94D3324484}.Release|Any CPU.ActiveCfg = Release|Any CPU
		{3F8614BD-AC23-4185-ABC1-5C94D3324484}.Release|Any CPU.Build.0 = Release|Any CPU
		{F730EFFA-95DF-4BD5-B4BE-FEAE0654D524}.Debug|Any CPU.ActiveCfg = Debug|Any CPU
		{F730EFFA-95DF-4BD5-B4BE-FEAE0654D524}.Debug|Any CPU.Build.0 = Debug|Any CPU
		{F730EFFA-95DF-4BD5-B4BE-FEAE0654D524}.Release|Any CPU.ActiveCfg = Release|Any CPU
		{F730EFFA-95DF-4BD5-B4BE-FEAE0654D524}.Release|Any CPU.Build.0 = Release|Any CPU
		{ACB91B5B-D6A1-4345-9FB1-7A01250DA7BC}.Debug|Any CPU.ActiveCfg = Debug|Any CPU
		{ACB91B5B-D6A1-4345-9FB1-7A01250DA7BC}.Debug|Any CPU.Build.0 = Debug|Any CPU
		{ACB91B5B-D6A1-4345-9FB1-7A01250DA7BC}.Release|Any CPU.ActiveCfg = Release|Any CPU
		{ACB91B5B-D6A1-4345-9FB1-7A01250DA7BC}.Release|Any CPU.Build.0 = Release|Any CPU
		{804AE39E-0387-448B-A9AF-6264D0437A3E}.Debug|Any CPU.ActiveCfg = Debug|Any CPU
		{804AE39E-0387-448B-A9AF-6264D0437A3E}.Debug|Any CPU.Build.0 = Debug|Any CPU
		{804AE39E-0387-448B-A9AF-6264D0437A3E}.Release|Any CPU.ActiveCfg = Release|Any CPU
		{804AE39E-0387-448B-A9AF-6264D0437A3E}.Release|Any CPU.Build.0 = Release|Any CPU
		{6AC5AA53-7D25-4114-AFA8-8C869258F7F8}.Debug|Any CPU.ActiveCfg = Debug|Any CPU
		{6AC5AA53-7D25-4114-AFA8-8C869258F7F8}.Debug|Any CPU.Build.0 = Debug|Any CPU
		{6AC5AA53-7D25-4114-AFA8-8C869258F7F8}.Release|Any CPU.ActiveCfg = Release|Any CPU
		{6AC5AA53-7D25-4114-AFA8-8C869258F7F8}.Release|Any CPU.Build.0 = Release|Any CPU
	EndGlobalSection
	GlobalSection(SolutionProperties) = preSolution
		HideSolutionNode = FALSE
	EndGlobalSection
	GlobalSection(ExtensibilityGlobals) = postSolution
		SolutionGuid = {2D4F1A0D-32FC-4B90-BAA9-4B9EDA5D0A04}
	EndGlobalSection
EndGlobal
